// !$*UTF8*$!
{
	archiveVersion = 1;
	classes = {
	};
	objectVersion = 50;
	objects = {

/* Begin PBXBuildFile section */
		DC55E4DA22FD4DC4007A5134 /* AppDelegate.swift in Sources */ = {isa = PBXBuildFile; fileRef = DC55E4D922FD4DC4007A5134 /* AppDelegate.swift */; };
		DC55E4DC22FD4DC4007A5134 /* SceneDelegate.swift in Sources */ = {isa = PBXBuildFile; fileRef = DC55E4DB22FD4DC4007A5134 /* SceneDelegate.swift */; };
		DC55E4DE22FD4DC4007A5134 /* ViewController.swift in Sources */ = {isa = PBXBuildFile; fileRef = DC55E4DD22FD4DC4007A5134 /* ViewController.swift */; };
		DC55E4E122FD4DC4007A5134 /* Main.storyboard in Resources */ = {isa = PBXBuildFile; fileRef = DC55E4DF22FD4DC4007A5134 /* Main.storyboard */; };
		DC55E4E322FD4DC8007A5134 /* Assets.xcassets in Resources */ = {isa = PBXBuildFile; fileRef = DC55E4E222FD4DC8007A5134 /* Assets.xcassets */; };
		DC55E4E622FD4DC8007A5134 /* LaunchScreen.storyboard in Resources */ = {isa = PBXBuildFile; fileRef = DC55E4E422FD4DC8007A5134 /* LaunchScreen.storyboard */; };
/* End PBXBuildFile section */

/* Begin PBXFileReference section */
		DC55E4D622FD4DC4007A5134 /* Core Animation.app */ = {isa = PBXFileReference; explicitFileType = wrapper.application; includeInIndex = 0; path = "Core Animation.app"; sourceTree = BUILT_PRODUCTS_DIR; };
		DC55E4D922FD4DC4007A5134 /* AppDelegate.swift */ = {isa = PBXFileReference; lastKnownFileType = sourcecode.swift; path = AppDelegate.swift; sourceTree = "<group>"; };
		DC55E4DB22FD4DC4007A5134 /* SceneDelegate.swift */ = {isa = PBXFileReference; lastKnownFileType = sourcecode.swift; path = SceneDelegate.swift; sourceTree = "<group>"; };
		DC55E4DD22FD4DC4007A5134 /* ViewController.swift */ = {isa = PBXFileReference; lastKnownFileType = sourcecode.swift; path = ViewController.swift; sourceTree = "<group>"; };
		DC55E4E022FD4DC4007A5134 /* Base */ = {isa = PBXFileReference; lastKnownFileType = file.storyboard; name = Base; path = Base.lproj/Main.storyboard; sourceTree = "<group>"; };
		DC55E4E222FD4DC8007A5134 /* Assets.xcassets */ = {isa = PBXFileReference; lastKnownFileType = folder.assetcatalog; path = Assets.xcassets; sourceTree = "<group>"; };
		DC55E4E522FD4DC8007A5134 /* Base */ = {isa = PBXFileReference; lastKnownFileType = file.storyboard; name = Base; path = Base.lproj/LaunchScreen.storyboard; sourceTree = "<group>"; };
		DC55E4E722FD4DC8007A5134 /* Info.plist */ = {isa = PBXFileReference; lastKnownFileType = text.plist.xml; path = Info.plist; sourceTree = "<group>"; };
/* End PBXFileReference section */

/* Begin PBXFrameworksBuildPhase section */
		DC55E4D322FD4DC4007A5134 /* Frameworks */ = {
			isa = PBXFrameworksBuildPhase;
			buildActionMask = 2147483647;
			files = (
			);
			runOnlyForDeploymentPostprocessing = 0;
		};
/* End PBXFrameworksBuildPhase section */

/* Begin PBXGroup section */
		DC55E4CD22FD4DC4007A5134 = {
			isa = PBXGroup;
			children = (
				DC55E4D822FD4DC4007A5134 /* Core Animation */,
				DC55E4D722FD4DC4007A5134 /* Products */,
			);
			sourceTree = "<group>";
		};
		DC55E4D722FD4DC4007A5134 /* Products */ = {
			isa = PBXGroup;
			children = (
				DC55E4D622FD4DC4007A5134 /* Core Animation.app */,
			);
			name = Products;
			sourceTree = "<group>";
		};
		DC55E4D822FD4DC4007A5134 /* Core Animation */ = {
			isa = PBXGroup;
			children = (
				DC55E4D922FD4DC4007A5134 /* AppDelegate.swift */,
				DC55E4DB22FD4DC4007A5134 /* SceneDelegate.swift */,
				DC55E4DD22FD4DC4007A5134 /* ViewController.swift */,
				DC55E4DF22FD4DC4007A5134 /* Main.storyboard */,
				DC55E4E222FD4DC8007A5134 /* Assets.xcassets */,
				DC55E4E422FD4DC8007A5134 /* LaunchScreen.storyboard */,
				DC55E4E722FD4DC8007A5134 /* Info.plist */,
			);
			path = "Core Animation";
			sourceTree = "<group>";
		};
/* End PBXGroup section */

/* Begin PBXNativeTarget section */
		DC55E4D522FD4DC4007A5134 /* Core Animation */ = {
			isa = PBXNativeTarget;
			buildConfigurationList = DC55E4EA22FD4DC8007A5134 /* Build configuration list for PBXNativeTarget "Core Animation" */;
			buildPhases = (
				DC55E4D222FD4DC4007A5134 /* Sources */,
				DC55E4D322FD4DC4007A5134 /* Frameworks */,
				DC55E4D422FD4DC4007A5134 /* Resources */,
			);
			buildRules = (
			);
			dependencies = (
			);
			name = "Core Animation";
			productName = "Core Animation";
			productReference = DC55E4D622FD4DC4007A5134 /* Core Animation.app */;
			productType = "com.apple.product-type.application";
		};
/* End PBXNativeTarget section */

/* Begin PBXProject section */
		DC55E4CE22FD4DC4007A5134 /* Project object */ = {
			isa = PBXProject;
			attributes = {
				LastSwiftUpdateCheck = 1100;
				LastUpgradeCheck = 1100;
				ORGANIZATIONNAME = Arjun;
				TargetAttributes = {
					DC55E4D522FD4DC4007A5134 = {
						CreatedOnToolsVersion = 11.0;
					};
				};
			};
			buildConfigurationList = DC55E4D122FD4DC4007A5134 /* Build configuration list for PBXProject "Core Animation" */;
			compatibilityVersion = "Xcode 9.3";
			developmentRegion = en;
			hasScannedForEncodings = 0;
			knownRegions = (
				en,
				Base,
			);
			mainGroup = DC55E4CD22FD4DC4007A5134;
			productRefGroup = DC55E4D722FD4DC4007A5134 /* Products */;
			projectDirPath = "";
			projectRoot = "";
			targets = (
				DC55E4D522FD4DC4007A5134 /* Core Animation */,
			);
		};
/* End PBXProject section */

/* Begin PBXResourcesBuildPhase section */
		DC55E4D422FD4DC4007A5134 /* Resources */ = {
			isa = PBXResourcesBuildPhase;
			buildActionMask = 2147483647;
			files = (
				DC55E4E622FD4DC8007A5134 /* LaunchScreen.storyboard in Resources */,
				DC55E4E322FD4DC8007A5134 /* Assets.xcassets in Resources */,
				DC55E4E122FD4DC4007A5134 /* Main.storyboard in Resources */,
			);
			runOnlyForDeploymentPostprocessing = 0;
		};
/* End PBXResourcesBuildPhase section */

/* Begin PBXSourcesBuildPhase section */
		DC55E4D222FD4DC4007A5134 /* Sources */ = {
			isa = PBXSourcesBuildPhase;
			buildActionMask = 2147483647;
			files = (
				DC55E4DE22FD4DC4007A5134 /* ViewController.swift in Sources */,
				DC55E4DA22FD4DC4007A5134 /* AppDelegate.swift in Sources */,
				DC55E4DC22FD4DC4007A5134 /* SceneDelegate.swift in Sources */,
			);
			runOnlyForDeploymentPostprocessing = 0;
		};
/* End PBXSourcesBuildPhase section */

/* Begin PBXVariantGroup section */
		DC55E4DF22FD4DC4007A5134 /* Main.storyboard */ = {
			isa = PBXVariantGroup;
			children = (
				DC55E4E022FD4DC4007A5134 /* Base */,
			);
			name = Main.storyboard;
			sourceTree = "<group>";
		};
		DC55E4E422FD4DC8007A5134 /* LaunchScreen.storyboard */ = {
			isa = PBXVariantGroup;
			children = (
				DC55E4E522FD4DC8007A5134 /* Base */,
			);
			name = LaunchScreen.storyboard;
			sourceTree = "<group>";
		};
/* End PBXVariantGroup section */

/* Begin XCBuildConfiguration section */
		DC55E4E822FD4DC8007A5134 /* Debug */ = {
			isa = XCBuildConfiguration;
			buildSettings = {
				ALWAYS_SEARCH_USER_PATHS = NO;
				CLANG_ANALYZER_NONNULL = YES;
				CLANG_ANALYZER_NUMBER_OBJECT_CONVERSION = YES_AGGRESSIVE;
				CLANG_CXX_LANGUAGE_STANDARD = "gnu++14";
				CLANG_CXX_LIBRARY = "libc++";
				CLANG_ENABLE_MODULES = YES;
				CLANG_ENABLE_OBJC_ARC = YES;
				CLANG_ENABLE_OBJC_WEAK = YES;
				CLANG_WARN_BLOCK_CAPTURE_AUTORELEASING = YES;
				CLANG_WARN_BOOL_CONVERSION = YES;
				CLANG_WARN_COMMA = YES;
				CLANG_WARN_CONSTANT_CONVERSION = YES;
				CLANG_WARN_DEPRECATED_OBJC_IMPLEMENTATIONS = YES;
				CLANG_WARN_DIRECT_OBJC_ISA_USAGE = YES_ERROR;
				CLANG_WARN_DOCUMENTATION_COMMENTS = YES;
				CLANG_WARN_EMPTY_BODY = YES;
				CLANG_WARN_ENUM_CONVERSION = YES;
				CLANG_WARN_INFINITE_RECURSION = YES;
				CLANG_WARN_INT_CONVERSION = YES;
				CLANG_WARN_NON_LITERAL_NULL_CONVERSION = YES;
				CLANG_WARN_OBJC_IMPLICIT_RETAIN_SELF = YES;
				CLANG_WARN_OBJC_LITERAL_CONVERSION = YES;
				CLANG_WARN_OBJC_ROOT_CLASS = YES_ERROR;
				CLANG_WARN_RANGE_LOOP_ANALYSIS = YES;
				CLANG_WARN_STRICT_PROTOTYPES = YES;
				CLANG_WARN_SUSPICIOUS_MOVE = YES;
				CLANG_WARN_UNGUARDED_AVAILABILITY = YES_AGGRESSIVE;
				CLANG_WARN_UNREACHABLE_CODE = YES;
				CLANG_WARN__DUPLICATE_METHOD_MATCH = YES;
				COPY_PHASE_STRIP = NO;
				DEBUG_INFORMATION_FORMAT = dwarf;
				ENABLE_STRICT_OBJC_MSGSEND = YES;
				ENABLE_TESTABILITY = YES;
				GCC_C_LANGUAGE_STANDARD = gnu11;
				GCC_DYNAMIC_NO_PIC = NO;
				GCC_NO_COMMON_BLOCKS = YES;
				GCC_OPTIMIZATION_LEVEL = 0;
				GCC_PREPROCESSOR_DEFINITIONS = (
					"DEBUG=1",
					"$(inherited)",
				);
				GCC_WARN_64_TO_32_BIT_CONVERSION = YES;
				GCC_WARN_ABOUT_RETURN_TYPE = YES_ERROR;
				GCC_WARN_UNDECLARED_SELECTOR = YES;
				GCC_WARN_UNINITIALIZED_AUTOS = YES_AGGRESSIVE;
				GCC_WARN_UNUSED_FUNCTION = YES;
				GCC_WARN_UNUSED_VARIABLE = YES;
				IPHONEOS_DEPLOYMENT_TARGET = 13.0;
				MTL_ENABLE_DEBUG_INFO = INCLUDE_SOURCE;
				MTL_FAST_MATH = YES;
				ONLY_ACTIVE_ARCH = YES;
				SDKROOT = iphoneos;
				SWIFT_ACTIVE_COMPILATION_CONDITIONS = DEBUG;
				SWIFT_OPTIMIZATION_LEVEL = "-Onone";
			};
			name = Debug;
		};
		DC55E4E922FD4DC8007A5134 /* Release */ = {
			isa = XCBuildConfiguration;
			buildSettings = {
				ALWAYS_SEARCH_USER_PATHS = NO;
				CLANG_ANALYZER_NONNULL = YES;
				CLANG_ANALYZER_NUMBER_OBJECT_CONVERSION = YES_AGGRESSIVE;
				CLANG_CXX_LANGUAGE_STANDARD = "gnu++14";
				CLANG_CXX_LIBRARY = "libc++";
				CLANG_ENABLE_MODULES = YES;
				CLANG_ENABLE_OBJC_ARC = YES;
				CLANG_ENABLE_OBJC_WEAK = YES;
				CLANG_WARN_BLOCK_CAPTURE_AUTORELEASING = YES;
				CLANG_WARN_BOOL_CONVERSION = YES;
				CLANG_WARN_COMMA = YES;
				CLANG_WARN_CONSTANT_CONVERSION = YES;
				CLANG_WARN_DEPRECATED_OBJC_IMPLEMENTATIONS = YES;
				CLANG_WARN_DIRECT_OBJC_ISA_USAGE = YES_ERROR;
				CLANG_WARN_DOCUMENTATION_COMMENTS = YES;
				CLANG_WARN_EMPTY_BODY = YES;
				CLANG_WARN_ENUM_CONVERSION = YES;
				CLANG_WARN_INFINITE_RECURSION = YES;
				CLANG_WARN_INT_CONVERSION = YES;
				CLANG_WARN_NON_LITERAL_NULL_CONVERSION = YES;
				CLANG_WARN_OBJC_IMPLICIT_RETAIN_SELF = YES;
				CLANG_WARN_OBJC_LITERAL_CONVERSION = YES;
				CLANG_WARN_OBJC_ROOT_CLASS = YES_ERROR;
				CLANG_WARN_RANGE_LOOP_ANALYSIS = YES;
				CLANG_WARN_STRICT_PROTOTYPES = YES;
				CLANG_WARN_SUSPICIOUS_MOVE = YES;
				CLANG_WARN_UNGUARDED_AVAILABILITY = YES_AGGRESSIVE;
				CLANG_WARN_UNREACHABLE_CODE = YES;
				CLANG_WARN__DUPLICATE_METHOD_MATCH = YES;
				COPY_PHASE_STRIP = NO;
				DEBUG_INFORMATION_FORMAT = "dwarf-with-dsym";
				ENABLE_NS_ASSERTIONS = NO;
				ENABLE_STRICT_OBJC_MSGSEND = YES;
				GCC_C_LANGUAGE_STANDARD = gnu11;
				GCC_NO_COMMON_BLOCKS = YES;
				GCC_WARN_64_TO_32_BIT_CONVERSION = YES;
				GCC_WARN_ABOUT_RETURN_TYPE = YES_ERROR;
				GCC_WARN_UNDECLARED_SELECTOR = YES;
				GCC_WARN_UNINITIALIZED_AUTOS = YES_AGGRESSIVE;
				GCC_WARN_UNUSED_FUNCTION = YES;
				GCC_WARN_UNUSED_VARIABLE = YES;
				IPHONEOS_DEPLOYMENT_TARGET = 13.0;
				MTL_ENABLE_DEBUG_INFO = NO;
				MTL_FAST_MATH = YES;
				SDKROOT = iphoneos;
				SWIFT_COMPILATION_MODE = wholemodule;
				SWIFT_OPTIMIZATION_LEVEL = "-O";
				VALIDATE_PRODUCT = YES;
			};
			name = Release;
		};
		DC55E4EB22FD4DC8007A5134 /* Debug */ = {
			isa = XCBuildConfiguration;
			buildSettings = {
				ASSETCATALOG_COMPILER_APPICON_NAME = AppIcon;
				CODE_SIGN_STYLE = Automatic;
				DEVELOPMENT_TEAM = 279ABD4225;
				INFOPLIST_FILE = "Core Animation/Info.plist";
				LD_RUNPATH_SEARCH_PATHS = (
					"$(inherited)",
					"@executable_path/Frameworks",
				);
				PRODUCT_BUNDLE_IDENTIFIER = "com.arjun.coreAmination.Core-Animation";
				PRODUCT_NAME = "$(TARGET_NAME)";
				SWIFT_VERSION = 5.0;
				TARGETED_DEVICE_FAMILY = "1,2";
			};
			name = Debug;
		};
		DC55E4EC22FD4DC8007A5134 /* Release */ = {
			isa = XCBuildConfiguration;
			buildSettings = {
				ASSETCATALOG_COMPILER_APPICON_NAME = AppIcon;
				CODE_SIGN_STYLE = Automatic;
				DEVELOPMENT_TEAM = 279ABD4225;
				INFOPLIST_FILE = "Core Animation/Info.plist";
				LD_RUNPATH_SEARCH_PATHS = (
					"$(inherited)",
					"@executable_path/Frameworks",
				);
				PRODUCT_BUNDLE_IDENTIFIER = "com.arjun.coreAmination.Core-Animation";
				PRODUCT_NAME = "$(TARGET_NAME)";
				SWIFT_VERSION = 5.0;
				TARGETED_DEVICE_FAMILY = "1,2";
			};
			name = Release;
		};
/* End XCBuildConfiguration section */

/* Begin XCConfigurationList section */
		DC55E4D122FD4DC4007A5134 /* Build configuration list for PBXProject "Core Animation" */ = {
			isa = XCConfigurationList;
			buildConfigurations = (
				DC55E4E822FD4DC8007A5134 /* Debug */,
				DC55E4E922FD4DC8007A5134 /* Release */,
			);
			defaultConfigurationIsVisible = 0;
			defaultConfigurationName = Release;
		};
		DC55E4EA22FD4DC8007A5134 /* Build configuration list for PBXNativeTarget "Core Animation" */ = {
			isa = XCConfigurationList;
			buildConfigurations = (
				DC55E4EB22FD4DC8007A5134 /* Debug */,
				DC55E4EC22FD4DC8007A5134 /* Release */,
			);
			defaultConfigurationIsVisible = 0;
			defaultConfigurationName = Release;
		};
/* End XCConfigurationList section */
	};
	rootObject = DC55E4CE22FD4DC4007A5134 /* Project object */;
}
